<?xml version="1.0" encoding="utf-8"?>
<Project ToolsVersion="17.0" xmlns="http://schemas.microsoft.com/developer/msbuild/2003">
  <ItemGroup>
    <ClCompile Include="S:\cocopu\cocopu\proj.win32\main.cpp">
      <Filter>Source Files\proj.win32</Filter>
    </ClCompile>
    <ClCompile Include="S:\cocopu\cocopu\cocos2d\cocos\precheader.cpp">
      <Filter>Source Files</Filter>
    </ClCompile>
    <ClCompile Include="S:\cocopu\cocopu\Classes\AppDelegate.cpp">
      <Filter>Source Files\Classes\C++</Filter>
    </ClCompile>
    <ClCompile Include="Character.cpp">
      <Filter>Source Files\Classes\C++</Filter>
    </ClCompile>
    <ClCompile Include="S:\cocopu\cocopu\Classes\HelloWorldScene.cpp">
      <Filter>Source Files\Classes\C++</Filter>
    </ClCompile>
    <ClCompile Include="Game.cpp">
      <Filter>Source Files\Classes\C++</Filter>
    </ClCompile>
    <ClCompile Include="Entity.cpp">
      <Filter>Source Files\Classes\C++</Filter>
    </ClCompile>
    <ClCompile Include="Controler.cpp">
      <Filter>Source Files\Classes\C++</Filter>
    </ClCompile>
    <ClCompile Include="HUD.cpp">
      <Filter>Source Files\Classes\C++</Filter>
    </ClCompile>
    <ClCompile Include="Door.cpp">
      <Filter>Source Files\Classes\C++</Filter>
    </ClCompile>
    <ClCompile Include="Jump.cpp">
      <Filter>Source Files\Classes\C++</Filter>
    </ClCompile>
    <ClCompile Include="Block.cpp">
      <Filter>Source Files\Classes\C++</Filter>
    </ClCompile>
    <ClCompile Include="Dig.cpp">
      <Filter>Source Files\Classes\C++</Filter>
    </ClCompile>
    <ClCompile Include="Mine.cpp">
      <Filter>Source Files\Classes\C++</Filter>
    </ClCompile>
    <ClCompile Include="Explosion.cpp">
      <Filter>Source Files\Classes\C++</Filter>
    </ClCompile>
    <ClCompile Include="Global.cpp">
      <Filter>Source Files\Classes\C++</Filter>
    </ClCompile>
  </ItemGroup>
  <ItemGroup>
    <ClInclude Include="S:\cocopu\cocopu\proj.win32\main.h">
      <Filter>Source Files\proj.win32</Filter>
    </ClInclude>
    <ClInclude Include="S:\cocopu\cocopu\proj.win32\resource.h">
      <Filter>Source Files\proj.win32</Filter>
    </ClInclude>
    <ClInclude Include="S:\cocopu\cocopu\Resources\CloseNormal.png">
      <Filter>Resources</Filter>
    </ClInclude>
    <ClInclude Include="S:\cocopu\cocopu\Resources\CloseSelected.png">
      <Filter>Resources</Filter>
    </ClInclude>
    <ClInclude Include="S:\cocopu\cocopu\Resources\HelloWorld.png">
      <Filter>Resources</Filter>
    </ClInclude>
    <ClInclude Include="S:\cocopu\cocopu\Resources\fonts\Marker Felt.ttf">
      <Filter>Resources\fonts</Filter>
    </ClInclude>
    <ClInclude Include="S:\cocopu\cocopu\Resources\fonts\arial.ttf">
      <Filter>Resources\fonts</Filter>
    </ClInclude>
    <ClInclude Include="S:\cocopu\cocopu\Resources\res\.gitkeep">
      <Filter>Resources\res</Filter>
    </ClInclude>
    <ClInclude Include="S:\cocopu\cocopu\Classes\AppDelegate.h">
      <Filter>Source Files\Classes\H</Filter>
    </ClInclude>
    <ClInclude Include="Character.h">
      <Filter>Source Files\Classes\H</Filter>
    </ClInclude>
    <ClInclude Include="Game.h">
      <Filter>Source Files\Classes\H</Filter>
    </ClInclude>
    <ClInclude Include="S:\cocopu\cocopu\Classes\HelloWorldScene.h">
      <Filter>Source Files\Classes\H</Filter>
    </ClInclude>
    <ClInclude Include="Entity.h">
      <Filter>Source Files\Classes\H</Filter>
    </ClInclude>
    <ClInclude Include="Controler.h">
      <Filter>Source Files\Classes\H</Filter>
    </ClInclude>
    <ClInclude Include="HUD.h">
      <Filter>Source Files\Classes\H</Filter>
    </ClInclude>
    <ClInclude Include="includes.h">
      <Filter>Source Files\Classes\H</Filter>
    </ClInclude>
    <ClInclude Include="Door.h">
      <Filter>Source Files\Classes\H</Filter>
    </ClInclude>
    <ClInclude Include="Jump.h">
      <Filter>Source Files\Classes\H</Filter>
    </ClInclude>
    <ClInclude Include="Block.h">
      <Filter>Source Files\Classes\H</Filter>
    </ClInclude>
    <ClInclude Include="Dig.h">
      <Filter>Source Files\Classes\H</Filter>
    </ClInclude>
    <ClInclude Include="Mine.h">
      <Filter>Source Files\Classes\H</Filter>
    </ClInclude>
    <ClInclude Include="Explosion.h">
      <Filter>Source Files\Classes\H</Filter>
    </ClInclude>
    <ClInclude Include="Global.h">
      <Filter>Source Files\Classes\H</Filter>
    </ClInclude>
  </ItemGroup>
  <ItemGroup>
    <CustomBuild Include="S:\cocopu\cocopu\CMakeLists.txt" />
  </ItemGroup>
  <ItemGroup>
    <ResourceCompile Include="S:\cocopu\cocopu\proj.win32\game.rc">
      <Filter>Source Files\proj.win32</Filter>
    </ResourceCompile>
  </ItemGroup>
  <ItemGroup>
    <Filter Include="Resources">
      <UniqueIdentifier>{9BA0FECC-ADEC-38E4-9161-E377B02F6FAF}</UniqueIdentifier>
    </Filter>
    <Filter Include="Resources\fonts">
      <UniqueIdentifier>{052C203C-012C-3430-8EE1-8AEB894ECDD4}</UniqueIdentifier>
    </Filter>
    <Filter Include="Resources\res">
      <UniqueIdentifier>{6204B082-24D3-3F58-A35E-A508677E9E60}</UniqueIdentifier>
    </Filter>
    <Filter Include="Source Files">
      <UniqueIdentifier>{465046B1-68FC-3267-ABA9-C22B0FB43172}</UniqueIdentifier>
    </Filter>
    <Filter Include="Source Files\Classes">
      <UniqueIdentifier>{1AA61FAF-E1ED-3491-B3D6-DF8998E31FF4}</UniqueIdentifier>
    </Filter>
    <Filter Include="Source Files\proj.win32">
      <UniqueIdentifier>{2ACA4EE6-E56A-3512-A481-0763F0230C3E}</UniqueIdentifier>
    </Filter>
    <Filter Include="Source Files\Classes\C++">
      <UniqueIdentifier>{58ebbd4f-bc30-4b70-aa97-a3d280f1cd80}</UniqueIdentifier>
    </Filter>
    <Filter Include="Source Files\Classes\H">
      <UniqueIdentifier>{a16c4108-7da1-4127-bbf8-a4ad48f3431a}</UniqueIdentifier>
    </Filter>
    <Filter Include="Source Files\Classes\Level">
      <UniqueIdentifier>{521315c9-4d93-441b-80b6-b99da31855c8}</UniqueIdentifier>
    </Filter>
    <Filter Include="Source Files\Classes\Resources">
      <UniqueIdentifier>{56c5222f-f30a-4233-8f9c-fe6e71e037a1}</UniqueIdentifier>
    </Filter>
  </ItemGroup>
  <ItemGroup>
    <Text Include="..\Resources\level\Map.txt">
      <Filter>Source Files\Classes\Level</Filter>
    </Text>
  </ItemGroup>
  <ItemGroup>
    <Image Include="..\Resources\PlaySelected.png">
      <Filter>Source Files\Classes\Resources</Filter>
    </Image>
    <Image Include="..\Resources\PlayNormal.png">
      <Filter>Source Files\Classes\Resources</Filter>
    </Image>
    <Image Include="..\Resources\door_open.png">
      <Filter>Source Files\Classes\Resources</Filter>
    </Image>
    <Image Include="..\Resources\lemming.png">
      <Filter>Source Files\Classes\Resources</Filter>
    </Image>
    <Image Include="..\Resources\Metal.jpg">
      <Filter>Source Files\Classes\Resources</Filter>
    </Image>
    <Image Include="..\Resources\MegamanTileset.png">
      <Filter>Source Files\Classes\Resources</Filter>
    </Image>
    <Image Include="..\Resources\explosion.png">
      <Filter>Source Files\Classes\Resources</Filter>
    </Image>
    <Image Include="..\Resources\pioche.png">
      <Filter>Source Files\Classes\Resources</Filter>
    </Image>
  </ItemGroup>
</Project>